PODS:
  - Flutter (1.0.0)
  - flutter_kakao_map (0.0.1):
    - Flutter
  - flutter_plugin_android_lifecycle (0.0.1):
    - Flutter

DEPENDENCIES:
  - Flutter (from `Flutter`)
  - flutter_kakao_map (from `.symlinks/plugins/flutter_kakao_map/ios`)
  - flutter_plugin_android_lifecycle (from `.symlinks/plugins/flutter_plugin_android_lifecycle/ios`)

EXTERNAL SOURCES:
  Flutter:
    :path: Flutter
  flutter_kakao_map:
    :path: ".symlinks/plugins/flutter_kakao_map/ios"
  flutter_plugin_android_lifecycle:
    :path: ".symlinks/plugins/flutter_plugin_android_lifecycle/ios"

SPEC CHECKSUMS:
  Flutter: 0e3d915762c693b495b44d77113d4970485de6ec
  flutter_kakao_map: 9a532d8252b361f246a7ee4524ccd374c82bac8c
  flutter_plugin_android_lifecycle: dc0b544e129eebb77a6bfb1239d4d1c673a60a35

PODFILE CHECKSUM: f32fb4e7c14f8b3ca19a369d7be425dd9241af27

COCOAPODS: 1.9.1
